// !$*UTF8*$!
{
	archiveVersion = 1;
	classes = {
	};
	objectVersion = 48;
	objects = {

/* Begin PBXBuildFile section */
		1A4BDEDC21A0ED8D00DFF536 /* AppDelegate.swift in Sources */ = {isa = PBXBuildFile; fileRef = 1A4BDEDB21A0ED8D00DFF536 /* AppDelegate.swift */; };
		1A4BDEDE21A0ED8D00DFF536 /* ViewController.swift in Sources */ = {isa = PBXBuildFile; fileRef = 1A4BDEDD21A0ED8D00DFF536 /* ViewController.swift */; };
		1A4BDEE121A0ED8D00DFF536 /* Main.storyboard in Resources */ = {isa = PBXBuildFile; fileRef = 1A4BDEDF21A0ED8D00DFF536 /* Main.storyboard */; };
		1A4BDEE321A0ED8D00DFF536 /* Assets.xcassets in Resources */ = {isa = PBXBuildFile; fileRef = 1A4BDEE221A0ED8D00DFF536 /* Assets.xcassets */; };
		1A4BDEE621A0ED8D00DFF536 /* LaunchScreen.storyboard in Resources */ = {isa = PBXBuildFile; fileRef = 1A4BDEE421A0ED8D00DFF536 /* LaunchScreen.storyboard */; };
		1A4BDEF121A0ED8E00DFF536 /* underTakingTests.swift in Sources */ = {isa = PBXBuildFile; fileRef = 1A4BDEF021A0ED8E00DFF536 /* underTakingTests.swift */; };
		1A4BDEFC21A0ED8E00DFF536 /* underTakingUITests.swift in Sources */ = {isa = PBXBuildFile; fileRef = 1A4BDEFB21A0ED8E00DFF536 /* underTakingUITests.swift */; };
/* End PBXBuildFile section */

/* Begin PBXContainerItemProxy section */
		1A4BDEED21A0ED8D00DFF536 /* PBXContainerItemProxy */ = {
			isa = PBXContainerItemProxy;
			containerPortal = 1A4BDED021A0ED8D00DFF536 /* Project object */;
			proxyType = 1;
			remoteGlobalIDString = 1A4BDED721A0ED8D00DFF536;
			remoteInfo = underTaking;
		};
		1A4BDEF821A0ED8E00DFF536 /* PBXContainerItemProxy */ = {
			isa = PBXContainerItemProxy;
			containerPortal = 1A4BDED021A0ED8D00DFF536 /* Project object */;
			proxyType = 1;
			remoteGlobalIDString = 1A4BDED721A0ED8D00DFF536;
			remoteInfo = underTaking;
		};
/* End PBXContainerItemProxy section */

/* Begin PBXFileReference section */
		1A4BDED821A0ED8D00DFF536 /* underTaking.app */ = {isa = PBXFileReference; explicitFileType = wrapper.application; includeInIndex = 0; path = underTaking.app; sourceTree = BUILT_PRODUCTS_DIR; };
		1A4BDEDB21A0ED8D00DFF536 /* AppDelegate.swift */ = {isa = PBXFileReference; lastKnownFileType = sourcecode.swift; path = AppDelegate.swift; sourceTree = "<group>"; };
		1A4BDEDD21A0ED8D00DFF536 /* ViewController.swift */ = {isa = PBXFileReference; lastKnownFileType = sourcecode.swift; path = ViewController.swift; sourceTree = "<group>"; };
		1A4BDEE021A0ED8D00DFF536 /* Base */ = {isa = PBXFileReference; lastKnownFileType = file.storyboard; name = Base; path = Base.lproj/Main.storyboard; sourceTree = "<group>"; };
		1A4BDEE221A0ED8D00DFF536 /* Assets.xcassets */ = {isa = PBXFileReference; lastKnownFileType = folder.assetcatalog; path = Assets.xcassets; sourceTree = "<group>"; };
		1A4BDEE521A0ED8D00DFF536 /* Base */ = {isa = PBXFileReference; lastKnownFileType = file.storyboard; name = Base; path = Base.lproj/LaunchScreen.storyboard; sourceTree = "<group>"; };
		1A4BDEE721A0ED8D00DFF536 /* Info.plist */ = {isa = PBXFileReference; lastKnownFileType = text.plist.xml; path = Info.plist; sourceTree = "<group>"; };
		1A4BDEEC21A0ED8D00DFF536 /* underTakingTests.xctest */ = {isa = PBXFileReference; explicitFileType = wrapper.cfbundle; includeInIndex = 0; path = underTakingTests.xctest; sourceTree = BUILT_PRODUCTS_DIR; };
		1A4BDEF021A0ED8E00DFF536 /* underTakingTests.swift */ = {isa = PBXFileReference; lastKnownFileType = sourcecode.swift; path = underTakingTests.swift; sourceTree = "<group>"; };
		1A4BDEF221A0ED8E00DFF536 /* Info.plist */ = {isa = PBXFileReference; lastKnownFileType = text.plist.xml; path = Info.plist; sourceTree = "<group>"; };
		1A4BDEF721A0ED8E00DFF536 /* underTakingUITests.xctest */ = {isa = PBXFileReference; explicitFileType = wrapper.cfbundle; includeInIndex = 0; path = underTakingUITests.xctest; sourceTree = BUILT_PRODUCTS_DIR; };
		1A4BDEFB21A0ED8E00DFF536 /* underTakingUITests.swift */ = {isa = PBXFileReference; lastKnownFileType = sourcecode.swift; path = underTakingUITests.swift; sourceTree = "<group>"; };
		1A4BDEFD21A0ED8E00DFF536 /* Info.plist */ = {isa = PBXFileReference; lastKnownFileType = text.plist.xml; path = Info.plist; sourceTree = "<group>"; };
/* End PBXFileReference section */

/* Begin PBXFrameworksBuildPhase section */
		1A4BDED521A0ED8D00DFF536 /* Frameworks */ = {
			isa = PBXFrameworksBuildPhase;
			buildActionMask = 2147483647;
			files = (
			);
			runOnlyForDeploymentPostprocessing = 0;
		};
		1A4BDEE921A0ED8D00DFF536 /* Frameworks */ = {
			isa = PBXFrameworksBuildPhase;
			buildActionMask = 2147483647;
			files = (
			);
			runOnlyForDeploymentPostprocessing = 0;
		};
		1A4BDEF421A0ED8E00DFF536 /* Frameworks */ = {
			isa = PBXFrameworksBuildPhase;
			buildActionMask = 2147483647;
			files = (
			);
			runOnlyForDeploymentPostprocessing = 0;
		};
/* End PBXFrameworksBuildPhase section */

/* Begin PBXGroup section */
		1A4BDECF21A0ED8D00DFF536 = {
			isa = PBXGroup;
			children = (
				1A4BDEDA21A0ED8D00DFF536 /* underTaking */,
				1A4BDEEF21A0ED8D00DFF536 /* underTakingTests */,
				1A4BDEFA21A0ED8E00DFF536 /* underTakingUITests */,
				1A4BDED921A0ED8D00DFF536 /* Products */,
			);
			sourceTree = "<group>";
		};
		1A4BDED921A0ED8D00DFF536 /* Products */ = {
			isa = PBXGroup;
			children = (
				1A4BDED821A0ED8D00DFF536 /* underTaking.app */,
				1A4BDEEC21A0ED8D00DFF536 /* underTakingTests.xctest */,
				1A4BDEF721A0ED8E00DFF536 /* underTakingUITests.xctest */,
			);
			name = Products;
			sourceTree = "<group>";
		};
		1A4BDEDA21A0ED8D00DFF536 /* underTaking */ = {
			isa = PBXGroup;
			children = (
				1A4BDEDB21A0ED8D00DFF536 /* AppDelegate.swift */,
				1A4BDEDD21A0ED8D00DFF536 /* ViewController.swift */,
				1A4BDEDF21A0ED8D00DFF536 /* Main.storyboard */,
				1A4BDEE221A0ED8D00DFF536 /* Assets.xcassets */,
				1A4BDEE421A0ED8D00DFF536 /* LaunchScreen.storyboard */,
				1A4BDEE721A0ED8D00DFF536 /* Info.plist */,
			);
			path = underTaking;
			sourceTree = "<group>";
		};
		1A4BDEEF21A0ED8D00DFF536 /* underTakingTests */ = {
			isa = PBXGroup;
			children = (
				1A4BDEF021A0ED8E00DFF536 /* underTakingTests.swift */,
				1A4BDEF221A0ED8E00DFF536 /* Info.plist */,
			);
			path = underTakingTests;
			sourceTree = "<group>";
		};
		1A4BDEFA21A0ED8E00DFF536 /* underTakingUITests */ = {
			isa = PBXGroup;
			children = (
				1A4BDEFB21A0ED8E00DFF536 /* underTakingUITests.swift */,
				1A4BDEFD21A0ED8E00DFF536 /* Info.plist */,
			);
			path = underTakingUITests;
			sourceTree = "<group>";
		};
/* End PBXGroup section */

/* Begin PBXNativeTarget section */
		1A4BDED721A0ED8D00DFF536 /* underTaking */ = {
			isa = PBXNativeTarget;
			buildConfigurationList = 1A4BDF0021A0ED8E00DFF536 /* Build configuration list for PBXNativeTarget "underTaking" */;
			buildPhases = (
				1A4BDED421A0ED8D00DFF536 /* Sources */,
				1A4BDED521A0ED8D00DFF536 /* Frameworks */,
				1A4BDED621A0ED8D00DFF536 /* Resources */,
			);
			buildRules = (
			);
			dependencies = (
			);
			name = underTaking;
			productName = underTaking;
			productReference = 1A4BDED821A0ED8D00DFF536 /* underTaking.app */;
			productType = "com.apple.product-type.application";
		};
		1A4BDEEB21A0ED8D00DFF536 /* underTakingTests */ = {
			isa = PBXNativeTarget;
			buildConfigurationList = 1A4BDF0321A0ED8E00DFF536 /* Build configuration list for PBXNativeTarget "underTakingTests" */;
			buildPhases = (
				1A4BDEE821A0ED8D00DFF536 /* Sources */,
				1A4BDEE921A0ED8D00DFF536 /* Frameworks */,
				1A4BDEEA21A0ED8D00DFF536 /* Resources */,
			);
			buildRules = (
			);
			dependencies = (
				1A4BDEEE21A0ED8D00DFF536 /* PBXTargetDependency */,
			);
			name = underTakingTests;
			productName = underTakingTests;
			productReference = 1A4BDEEC21A0ED8D00DFF536 /* underTakingTests.xctest */;
			productType = "com.apple.product-type.bundle.unit-test";
		};
		1A4BDEF621A0ED8E00DFF536 /* underTakingUITests */ = {
			isa = PBXNativeTarget;
			buildConfigurationList = 1A4BDF0621A0ED8E00DFF536 /* Build configuration list for PBXNativeTarget "underTakingUITests" */;
			buildPhases = (
				1A4BDEF321A0ED8E00DFF536 /* Sources */,
				1A4BDEF421A0ED8E00DFF536 /* Frameworks */,
				1A4BDEF521A0ED8E00DFF536 /* Resources */,
			);
			buildRules = (
			);
			dependencies = (
				1A4BDEF921A0ED8E00DFF536 /* PBXTargetDependency */,
			);
			name = underTakingUITests;
			productName = underTakingUITests;
			productReference = 1A4BDEF721A0ED8E00DFF536 /* underTakingUITests.xctest */;
			productType = "com.apple.product-type.bundle.ui-testing";
		};
/* End PBXNativeTarget section */

/* Begin PBXProject section */
		1A4BDED021A0ED8D00DFF536 /* Project object */ = {
			isa = PBXProject;
			attributes = {
				LastSwiftUpdateCheck = 0920;
				LastUpgradeCheck = 0920;
				ORGANIZATIONNAME = "Anita Souv";
				TargetAttributes = {
					1A4BDED721A0ED8D00DFF536 = {
						CreatedOnToolsVersion = 9.2;
						ProvisioningStyle = Automatic;
					};
					1A4BDEEB21A0ED8D00DFF536 = {
						CreatedOnToolsVersion = 9.2;
						ProvisioningStyle = Automatic;
						TestTargetID = 1A4BDED721A0ED8D00DFF536;
					};
					1A4BDEF621A0ED8E00DFF536 = {
						CreatedOnToolsVersion = 9.2;
						ProvisioningStyle = Automatic;
						TestTargetID = 1A4BDED721A0ED8D00DFF536;
					};
				};
			};
			buildConfigurationList = 1A4BDED321A0ED8D00DFF536 /* Build configuration list for PBXProject "underTaking" */;
			compatibilityVersion = "Xcode 8.0";
			developmentRegion = en;
			hasScannedForEncodings = 0;
			knownRegions = (
				en,
				Base,
			);
			mainGroup = 1A4BDECF21A0ED8D00DFF536;
			productRefGroup = 1A4BDED921A0ED8D00DFF536 /* Products */;
			projectDirPath = "";
			projectRoot = "";
			targets = (
				1A4BDED721A0ED8D00DFF536 /* underTaking */,
				1A4BDEEB21A0ED8D00DFF536 /* underTakingTests */,
				1A4BDEF621A0ED8E00DFF536 /* underTakingUITests */,
			);
		};
/* End PBXProject section */

/* Begin PBXResourcesBuildPhase section */
		1A4BDED621A0ED8D00DFF536 /* Resources */ = {
			isa = PBXResourcesBuildPhase;
			buildActionMask = 2147483647;
			files = (
				1A4BDEE621A0ED8D00DFF536 /* LaunchScreen.storyboard in Resources */,
				1A4BDEE321A0ED8D00DFF536 /* Assets.xcassets in Resources */,
				1A4BDEE121A0ED8D00DFF536 /* Main.storyboard in Resources */,
			);
			runOnlyForDeploymentPostprocessing = 0;
		};
		1A4BDEEA21A0ED8D00DFF536 /* Resources */ = {
			isa = PBXResourcesBuildPhase;
			buildActionMask = 2147483647;
			files = (
			);
			runOnlyForDeploymentPostprocessing = 0;
		};
		1A4BDEF521A0ED8E00DFF536 /* Resources */ = {
			isa = PBXResourcesBuildPhase;
			buildActionMask = 2147483647;
			files = (
			);
			runOnlyForDeploymentPostprocessing = 0;
		};
/* End PBXResourcesBuildPhase section */

/* Begin PBXSourcesBuildPhase section */
		1A4BDED421A0ED8D00DFF536 /* Sources */ = {
			isa = PBXSourcesBuildPhase;
			buildActionMask = 2147483647;
			files = (
				1A4BDEDE21A0ED8D00DFF536 /* ViewController.swift in Sources */,
				1A4BDEDC21A0ED8D00DFF536 /* AppDelegate.swift in Sources */,
			);
			runOnlyForDeploymentPostprocessing = 0;
		};
		1A4BDEE821A0ED8D00DFF536 /* Sources */ = {
			isa = PBXSourcesBuildPhase;
			buildActionMask = 2147483647;
			files = (
				1A4BDEF121A0ED8E00DFF536 /* underTakingTests.swift in Sources */,
			);
			runOnlyForDeploymentPostprocessing = 0;
		};
		1A4BDEF321A0ED8E00DFF536 /* Sources */ = {
			isa = PBXSourcesBuildPhase;
			buildActionMask = 2147483647;
			files = (
				1A4BDEFC21A0ED8E00DFF536 /* underTakingUITests.swift in Sources */,
			);
			runOnlyForDeploymentPostprocessing = 0;
		};
/* End PBXSourcesBuildPhase section */

/* Begin PBXTargetDependency section */
		1A4BDEEE21A0ED8D00DFF536 /* PBXTargetDependency */ = {
			isa = PBXTargetDependency;
			target = 1A4BDED721A0ED8D00DFF536 /* underTaking */;
			targetProxy = 1A4BDEED21A0ED8D00DFF536 /* PBXContainerItemProxy */;
		};
		1A4BDEF921A0ED8E00DFF536 /* PBXTargetDependency */ = {
			isa = PBXTargetDependency;
			target = 1A4BDED721A0ED8D00DFF536 /* underTaking */;
			targetProxy = 1A4BDEF821A0ED8E00DFF536 /* PBXContainerItemProxy */;
		};
/* End PBXTargetDependency section */

/* Begin PBXVariantGroup section */
		1A4BDEDF21A0ED8D00DFF536 /* Main.storyboard */ = {
			isa = PBXVariantGroup;
			children = (
				1A4BDEE021A0ED8D00DFF536 /* Base */,
			);
			name = Main.storyboard;
			sourceTree = "<group>";
		};
		1A4BDEE421A0ED8D00DFF536 /* LaunchScreen.storyboard */ = {
			isa = PBXVariantGroup;
			children = (
				1A4BDEE521A0ED8D00DFF536 /* Base */,
			);
			name = LaunchScreen.storyboard;
			sourceTree = "<group>";
		};
/* End PBXVariantGroup section */

/* Begin XCBuildConfiguration section */
		1A4BDEFE21A0ED8E00DFF536 /* Debug */ = {
			isa = XCBuildConfiguration;
			buildSettings = {
				ALWAYS_SEARCH_USER_PATHS = NO;
				CLANG_ANALYZER_NONNULL = YES;
				CLANG_ANALYZER_NUMBER_OBJECT_CONVERSION = YES_AGGRESSIVE;
				CLANG_CXX_LANGUAGE_STANDARD = "gnu++14";
				CLANG_CXX_LIBRARY = "libc++";
				CLANG_ENABLE_MODULES = YES;
				CLANG_ENABLE_OBJC_ARC = YES;
				CLANG_WARN_BLOCK_CAPTURE_AUTORELEASING = YES;
				CLANG_WARN_BOOL_CONVERSION = YES;
				CLANG_WARN_COMMA = YES;
				CLANG_WARN_CONSTANT_CONVERSION = YES;
				CLANG_WARN_DIRECT_OBJC_ISA_USAGE = YES_ERROR;
				CLANG_WARN_DOCUMENTATION_COMMENTS = YES;
				CLANG_WARN_EMPTY_BODY = YES;
				CLANG_WARN_ENUM_CONVERSION = YES;
				CLANG_WARN_INFINITE_RECURSION = YES;
				CLANG_WARN_INT_CONVERSION = YES;
				CLANG_WARN_NON_LITERAL_NULL_CONVERSION = YES;
				CLANG_WARN_OBJC_LITERAL_CONVERSION = YES;
				CLANG_WARN_OBJC_ROOT_CLASS = YES_ERROR;
				CLANG_WARN_RANGE_LOOP_ANALYSIS = YES;
				CLANG_WARN_STRICT_PROTOTYPES = YES;
				CLANG_WARN_SUSPICIOUS_MOVE = YES;
				CLANG_WARN_UNGUARDED_AVAILABILITY = YES_AGGRESSIVE;
				CLANG_WARN_UNREACHABLE_CODE = YES;
				CLANG_WARN__DUPLICATE_METHOD_MATCH = YES;
				CODE_SIGN_IDENTITY = "iPhone Developer";
				COPY_PHASE_STRIP = NO;
				DEBUG_INFORMATION_FORMAT = dwarf;
				ENABLE_STRICT_OBJC_MSGSEND = YES;
				ENABLE_TESTABILITY = YES;
				GCC_C_LANGUAGE_STANDARD = gnu11;
				GCC_DYNAMIC_NO_PIC = NO;
				GCC_NO_COMMON_BLOCKS = YES;
				GCC_OPTIMIZATION_LEVEL = 0;
				GCC_PREPROCESSOR_DEFINITIONS = (
					"DEBUG=1",
					"$(inherited)",
				);
				GCC_WARN_64_TO_32_BIT_CONVERSION = YES;
				GCC_WARN_ABOUT_RETURN_TYPE = YES_ERROR;
				GCC_WARN_UNDECLARED_SELECTOR = YES;
				GCC_WARN_UNINITIALIZED_AUTOS = YES_AGGRESSIVE;
				GCC_WARN_UNUSED_FUNCTION = YES;
				GCC_WARN_UNUSED_VARIABLE = YES;
				IPHONEOS_DEPLOYMENT_TARGET = 11.2;
				MTL_ENABLE_DEBUG_INFO = YES;
				ONLY_ACTIVE_ARCH = YES;
				SDKROOT = iphoneos;
				SWIFT_ACTIVE_COMPILATION_CONDITIONS = DEBUG;
				SWIFT_OPTIMIZATION_LEVEL = "-Onone";
			};
			name = Debug;
		};
		1A4BDEFF21A0ED8E00DFF536 /* Release */ = {
			isa = XCBuildConfiguration;
			buildSettings = {
				ALWAYS_SEARCH_USER_PATHS = NO;
				CLANG_ANALYZER_NONNULL = YES;
				CLANG_ANALYZER_NUMBER_OBJECT_CONVERSION = YES_AGGRESSIVE;
				CLANG_CXX_LANGUAGE_STANDARD = "gnu++14";
				CLANG_CXX_LIBRARY = "libc++";
				CLANG_ENABLE_MODULES = YES;
				CLANG_ENABLE_OBJC_ARC = YES;
				CLANG_WARN_BLOCK_CAPTURE_AUTORELEASING = YES;
				CLANG_WARN_BOOL_CONVERSION = YES;
				CLANG_WARN_COMMA = YES;
				CLANG_WARN_CONSTANT_CONVERSION = YES;
				CLANG_WARN_DIRECT_OBJC_ISA_USAGE = YES_ERROR;
				CLANG_WARN_DOCUMENTATION_COMMENTS = YES;
				CLANG_WARN_EMPTY_BODY = YES;
				CLANG_WARN_ENUM_CONVERSION = YES;
				CLANG_WARN_INFINITE_RECURSION = YES;
				CLANG_WARN_INT_CONVERSION = YES;
				CLANG_WARN_NON_LITERAL_NULL_CONVERSION = YES;
				CLANG_WARN_OBJC_LITERAL_CONVERSION = YES;
				CLANG_WARN_OBJC_ROOT_CLASS = YES_ERROR;
				CLANG_WARN_RANGE_LOOP_ANALYSIS = YES;
				CLANG_WARN_STRICT_PROTOTYPES = YES;
				CLANG_WARN_SUSPICIOUS_MOVE = YES;
				CLANG_WARN_UNGUARDED_AVAILABILITY = YES_AGGRESSIVE;
				CLANG_WARN_UNREACHABLE_CODE = YES;
				CLANG_WARN__DUPLICATE_METHOD_MATCH = YES;
				CODE_SIGN_IDENTITY = "iPhone Developer";
				COPY_PHASE_STRIP = NO;
				DEBUG_INFORMATION_FORMAT = "dwarf-with-dsym";
				ENABLE_NS_ASSERTIONS = NO;
				ENABLE_STRICT_OBJC_MSGSEND = YES;
				GCC_C_LANGUAGE_STANDARD = gnu11;
				GCC_NO_COMMON_BLOCKS = YES;
				GCC_WARN_64_TO_32_BIT_CONVERSION = YES;
				GCC_WARN_ABOUT_RETURN_TYPE = YES_ERROR;
				GCC_WARN_UNDECLARED_SELECTOR = YES;
				GCC_WARN_UNINITIALIZED_AUTOS = YES_AGGRESSIVE;
				GCC_WARN_UNUSED_FUNCTION = YES;
				GCC_WARN_UNUSED_VARIABLE = YES;
				IPHONEOS_DEPLOYMENT_TARGET = 11.2;
				MTL_ENABLE_DEBUG_INFO = NO;
				SDKROOT = iphoneos;
				SWIFT_OPTIMIZATION_LEVEL = "-Owholemodule";
				VALIDATE_PRODUCT = YES;
			};
			name = Release;
		};
		1A4BDF0121A0ED8E00DFF536 /* Debug */ = {
			isa = XCBuildConfiguration;
			buildSettings = {
				ASSETCATALOG_COMPILER_APPICON_NAME = AppIcon;
				CODE_SIGN_STYLE = Automatic;
				DEVELOPMENT_TEAM = QMZAGVG794;
				INFOPLIST_FILE = underTaking/Info.plist;
				LD_RUNPATH_SEARCH_PATHS = "$(inherited) @executable_path/Frameworks";
				PRODUCT_BUNDLE_IDENTIFIER = com.example.underTaking;
				PRODUCT_NAME = "$(TARGET_NAME)";
				SWIFT_VERSION = 4.0;
				TARGETED_DEVICE_FAMILY = "1,2";
			};
			name = Debug;
		};
		1A4BDF0221A0ED8E00DFF536 /* Release */ = {
			isa = XCBuildConfiguration;
			buildSettings = {
				ASSETCATALOG_COMPILER_APPICON_NAME = AppIcon;
				CODE_SIGN_STYLE = Automatic;
				DEVELOPMENT_TEAM = QMZAGVG794;
				INFOPLIST_FILE = underTaking/Info.plist;
				LD_RUNPATH_SEARCH_PATHS = "$(inherited) @executable_path/Frameworks";
				PRODUCT_BUNDLE_IDENTIFIER = com.example.underTaking;
				PRODUCT_NAME = "$(TARGET_NAME)";
				SWIFT_VERSION = 4.0;
				TARGETED_DEVICE_FAMILY = "1,2";
			};
			name = Release;
		};
		1A4BDF0421A0ED8E00DFF536 /* Debug */ = {
			isa = XCBuildConfiguration;
			buildSettings = {
				ALWAYS_EMBED_SWIFT_STANDARD_LIBRARIES = YES;
				BUNDLE_LOADER = "$(TEST_HOST)";
				CODE_SIGN_STYLE = Automatic;
				DEVELOPMENT_TEAM = QMZAGVG794;
				INFOPLIST_FILE = underTakingTests/Info.plist;
				LD_RUNPATH_SEARCH_PATHS = "$(inherited) @executable_path/Frameworks @loader_path/Frameworks";
				PRODUCT_BUNDLE_IDENTIFIER = com.example.underTakingTests;
				PRODUCT_NAME = "$(TARGET_NAME)";
				SWIFT_VERSION = 4.0;
				TARGETED_DEVICE_FAMILY = "1,2";
				TEST_HOST = "$(BUILT_PRODUCTS_DIR)/underTaking.app/underTaking";
			};
			name = Debug;
		};
		1A4BDF0521A0ED8E00DFF536 /* Release */ = {
			isa = XCBuildConfiguration;
			buildSettings = {
				ALWAYS_EMBED_SWIFT_STANDARD_LIBRARIES = YES;
				BUNDLE_LOADER = "$(TEST_HOST)";
				CODE_SIGN_STYLE = Automatic;
				DEVELOPMENT_TEAM = QMZAGVG794;
				INFOPLIST_FILE = underTakingTests/Info.plist;
				LD_RUNPATH_SEARCH_PATHS = "$(inherited) @executable_path/Frameworks @loader_path/Frameworks";
				PRODUCT_BUNDLE_IDENTIFIER = com.example.underTakingTests;
				PRODUCT_NAME = "$(TARGET_NAME)";
				SWIFT_VERSION = 4.0;
				TARGETED_DEVICE_FAMILY = "1,2";
				TEST_HOST = "$(BUILT_PRODUCTS_DIR)/underTaking.app/underTaking";
			};
			name = Release;
		};
		1A4BDF0721A0ED8E00DFF536 /* Debug */ = {
			isa = XCBuildConfiguration;
			buildSettings = {
				ALWAYS_EMBED_SWIFT_STANDARD_LIBRARIES = YES;
				CODE_SIGN_STYLE = Automatic;
				DEVELOPMENT_TEAM = QMZAGVG794;
				INFOPLIST_FILE = underTakingUITests/Info.plist;
				LD_RUNPATH_SEARCH_PATHS = "$(inherited) @executable_path/Frameworks @loader_path/Frameworks";
				PRODUCT_BUNDLE_IDENTIFIER = com.example.underTakingUITests;
				PRODUCT_NAME = "$(TARGET_NAME)";
				SWIFT_VERSION = 4.0;
				TARGETED_DEVICE_FAMILY = "1,2";
				TEST_TARGET_NAME = underTaking;
			};
			name = Debug;
		};
		1A4BDF0821A0ED8E00DFF536 /* Release */ = {
			isa = XCBuildConfiguration;
			buildSettings = {
				ALWAYS_EMBED_SWIFT_STANDARD_LIBRARIES = YES;
				CODE_SIGN_STYLE = Automatic;
				DEVELOPMENT_TEAM = QMZAGVG794;
				INFOPLIST_FILE = underTakingUITests/Info.plist;
				LD_RUNPATH_SEARCH_PATHS = "$(inherited) @executable_path/Frameworks @loader_path/Frameworks";
				PRODUCT_BUNDLE_IDENTIFIER = com.example.underTakingUITests;
				PRODUCT_NAME = "$(TARGET_NAME)";
				SWIFT_VERSION = 4.0;
				TARGETED_DEVICE_FAMILY = "1,2";
				TEST_TARGET_NAME = underTaking;
			};
			name = Release;
		};
/* End XCBuildConfiguration section */

/* Begin XCConfigurationList section */
		1A4BDED321A0ED8D00DFF536 /* Build configuration list for PBXProject "underTaking" */ = {
			isa = XCConfigurationList;
			buildConfigurations = (
				1A4BDEFE21A0ED8E00DFF536 /* Debug */,
				1A4BDEFF21A0ED8E00DFF536 /* Release */,
			);
			defaultConfigurationIsVisible = 0;
			defaultConfigurationName = Release;
		};
		1A4BDF0021A0ED8E00DFF536 /* Build configuration list for PBXNativeTarget "underTaking" */ = {
			isa = XCConfigurationList;
			buildConfigurations = (
				1A4BDF0121A0ED8E00DFF536 /* Debug */,
				1A4BDF0221A0ED8E00DFF536 /* Release */,
			);
			defaultConfigurationIsVisible = 0;
			defaultConfigurationName = Release;
		};
		1A4BDF0321A0ED8E00DFF536 /* Build configuration list for PBXNativeTarget "underTakingTests" */ = {
			isa = XCConfigurationList;
			buildConfigurations = (
				1A4BDF0421A0ED8E00DFF536 /* Debug */,
				1A4BDF0521A0ED8E00DFF536 /* Release */,
			);
			defaultConfigurationIsVisible = 0;
			defaultConfigurationName = Release;
		};
		1A4BDF0621A0ED8E00DFF536 /* Build configuration list for PBXNativeTarget "underTakingUITests" */ = {
			isa = XCConfigurationList;
			buildConfigurations = (
				1A4BDF0721A0ED8E00DFF536 /* Debug */,
				1A4BDF0821A0ED8E00DFF536 /* Release */,
			);
			defaultConfigurationIsVisible = 0;
			defaultConfigurationName = Release;
		};
/* End XCConfigurationList section */
	};
	rootObject = 1A4BDED021A0ED8D00DFF536 /* Project object */;
}
